
Microsoft Visual Studio Solution File, Format Version 12.00
# Visual Studio Version 17
VisualStudioVersion = 17.2.32526.322
MinimumVisualStudioVersion = 10.0.40219.1
Project("{FAE04EC0-301F-11D3-BF4B-00C04F79EFBC}") = "Surf Boards", "Surf Boards\Surf Boards.csproj", "{C15FADC0-1D73-4BA8-8C7F-156EFA0C20B1}"
EndProject
Global
	GlobalSection(SolutionConfigurationPlatforms) = preSolution
		Debug|Any CPU = Debug|Any CPU
		Release|Any CPU = Release|Any CPU
	EndGlobalSection
	GlobalSection(ProjectConfigurationPlatforms) = postSolution
		{C15FADC0-1D73-4BA8-8C7F-156EFA0C20B1}.Debug|Any CPU.ActiveCfg = Debug|Any CPU
		{C15FADC0-1D73-4BA8-8C7F-156EFA0C20B1}.Debug|Any CPU.Build.0 = Debug|Any CPU
		{C15FADC0-1D73-4BA8-8C7F-156EFA0C20B1}.Release|Any CPU.ActiveCfg = Release|Any CPU
		{C15FADC0-1D73-4BA8-8C7F-156EFA0C20B1}.Release|Any CPU.Build.0 = Release|Any CPU
	EndGlobalSection
	GlobalSection(SolutionProperties) = preSolution
		HideSolutionNode = FALSE
	EndGlobalSection
	GlobalSection(ExtensibilityGlobals) = postSolution
		SolutionGuid = {50C466DF-33F8-4D57-B114-5A8E9F8895A1}
	EndGlobalSection
EndGlobal
