
Microsoft Visual Studio Solution File, Format Version 12.00
# Visual Studio Version 17
VisualStudioVersion = 17.2.32526.322
MinimumVisualStudioVersion = 10.0.40219.1
Project("{9A19103F-16F7-4668-BE54-9A1E7A4F7556}") = "Surf Boards", "Surf Boards\Surf Boards.csproj", "{C15FADC0-1D73-4BA8-8C7F-156EFA0C20B1}"
EndProject
Project("{9A19103F-16F7-4668-BE54-9A1E7A4F7556}") = "Surf Boards API", "Surf Boards API\Surf Boards API.csproj", "{FC5825B5-5BF9-46D5-A5A7-F0A3067AB1C8}"
EndProject
Project("{9A19103F-16F7-4668-BE54-9A1E7A4F7556}") = "Blazor.Server", "Blazor\Server\Blazor.Server.csproj", "{0BFF82A1-D822-4437-B0C4-51CB3F63380F}"
EndProject
Project("{9A19103F-16F7-4668-BE54-9A1E7A4F7556}") = "Blazor.Client", "Blazor\Client\Blazor.Client.csproj", "{8633E148-5F99-4E66-8EDE-F648639BF233}"
EndProject
Project("{9A19103F-16F7-4668-BE54-9A1E7A4F7556}") = "Blazor.Shared", "Blazor\Shared\Blazor.Shared.csproj", "{53E3D9BE-3EA6-41C2-A1C1-FCB322D390C4}"
EndProject
Project("{2150E333-8FDC-42A3-9474-1A3956D46DE8}") = "LOGIN_INFO", "LOGIN_INFO", "{8BEF9CC2-71FF-4E11-9F4A-68E962851692}"
	ProjectSection(SolutionItems) = preProject
		Admin login.txt = Admin login.txt
	EndProjectSection
EndProject
Global
	GlobalSection(SolutionConfigurationPlatforms) = preSolution
		Debug|Any CPU = Debug|Any CPU
		Release|Any CPU = Release|Any CPU
	EndGlobalSection
	GlobalSection(ProjectConfigurationPlatforms) = postSolution
		{C15FADC0-1D73-4BA8-8C7F-156EFA0C20B1}.Debug|Any CPU.ActiveCfg = Debug|Any CPU
		{C15FADC0-1D73-4BA8-8C7F-156EFA0C20B1}.Debug|Any CPU.Build.0 = Debug|Any CPU
		{C15FADC0-1D73-4BA8-8C7F-156EFA0C20B1}.Release|Any CPU.ActiveCfg = Release|Any CPU
		{C15FADC0-1D73-4BA8-8C7F-156EFA0C20B1}.Release|Any CPU.Build.0 = Release|Any CPU
		{FC5825B5-5BF9-46D5-A5A7-F0A3067AB1C8}.Debug|Any CPU.ActiveCfg = Debug|Any CPU
		{FC5825B5-5BF9-46D5-A5A7-F0A3067AB1C8}.Debug|Any CPU.Build.0 = Debug|Any CPU
		{FC5825B5-5BF9-46D5-A5A7-F0A3067AB1C8}.Release|Any CPU.ActiveCfg = Release|Any CPU
		{FC5825B5-5BF9-46D5-A5A7-F0A3067AB1C8}.Release|Any CPU.Build.0 = Release|Any CPU
		{0BFF82A1-D822-4437-B0C4-51CB3F63380F}.Debug|Any CPU.ActiveCfg = Debug|Any CPU
		{0BFF82A1-D822-4437-B0C4-51CB3F63380F}.Debug|Any CPU.Build.0 = Debug|Any CPU
		{0BFF82A1-D822-4437-B0C4-51CB3F63380F}.Release|Any CPU.ActiveCfg = Release|Any CPU
		{0BFF82A1-D822-4437-B0C4-51CB3F63380F}.Release|Any CPU.Build.0 = Release|Any CPU
		{8633E148-5F99-4E66-8EDE-F648639BF233}.Debug|Any CPU.ActiveCfg = Debug|Any CPU
		{8633E148-5F99-4E66-8EDE-F648639BF233}.Debug|Any CPU.Build.0 = Debug|Any CPU
		{8633E148-5F99-4E66-8EDE-F648639BF233}.Release|Any CPU.ActiveCfg = Release|Any CPU
		{8633E148-5F99-4E66-8EDE-F648639BF233}.Release|Any CPU.Build.0 = Release|Any CPU
		{53E3D9BE-3EA6-41C2-A1C1-FCB322D390C4}.Debug|Any CPU.ActiveCfg = Debug|Any CPU
		{53E3D9BE-3EA6-41C2-A1C1-FCB322D390C4}.Debug|Any CPU.Build.0 = Debug|Any CPU
		{53E3D9BE-3EA6-41C2-A1C1-FCB322D390C4}.Release|Any CPU.ActiveCfg = Release|Any CPU
		{53E3D9BE-3EA6-41C2-A1C1-FCB322D390C4}.Release|Any CPU.Build.0 = Release|Any CPU
	EndGlobalSection
	GlobalSection(SolutionProperties) = preSolution
		HideSolutionNode = FALSE
	EndGlobalSection
	GlobalSection(ExtensibilityGlobals) = postSolution
		SolutionGuid = {50C466DF-33F8-4D57-B114-5A8E9F8895A1}
	EndGlobalSection
EndGlobal
